
Microsoft Visual Studio Solution File, Format Version 12.00
# Visual Studio Version 17
VisualStudioVersion = 17.14.36518.9 d17.14
MinimumVisualStudioVersion = 10.0.40219.1
Project("{2150E333-8FDC-42A3-9474-1A3956D46DE8}") = "Services", "Services", "{58BA331F-0ECE-443C-A2CB-36E246FA4975}"
EndProject
Project("{2150E333-8FDC-42A3-9474-1A3956D46DE8}") = "Catalog", "Catalog", "{279F9F54-367C-4C6C-8B10-4CCB6A686A0E}"
EndProject
Project("{FAE04EC0-301F-11D3-BF4B-00C04F79EFBC}") = "Catalog.API", "Services\Catalog\Catalog.API\Catalog.API.csproj", "{97BB01B1-CA61-41BC-8937-4BF2DEBF6D15}"
EndProject
Project("{2150E333-8FDC-42A3-9474-1A3956D46DE8}") = "BuildingBlocks", "BuildingBlocks", "{A925DCFE-A1B6-445B-95E1-6CA1FEAD0861}"
EndProject
Project("{FAE04EC0-301F-11D3-BF4B-00C04F79EFBC}") = "BuildingBlocks", "BuildingBlocks\BuildingBlocks\BuildingBlocks.csproj", "{EF5C1D4D-9152-4AD4-A593-BF64AE8D8AA7}"
EndProject
Project("{E53339B2-1760-4266-BCC7-CA923CBCF16C}") = "docker-compose", "docker-compose.dcproj", "{81DDED9D-158B-E303-5F62-77A2896D2A5A}"
EndProject
Project("{2150E333-8FDC-42A3-9474-1A3956D46DE8}") = "Basket", "Basket", "{86728BD2-F116-4AD9-ADDA-EA4A70DD3BA3}"
EndProject
Project("{FAE04EC0-301F-11D3-BF4B-00C04F79EFBC}") = "Basket.API", "Services\Basket\Basket.API\Basket.API.csproj", "{F03EE5C7-A384-44B0-B093-DCD7CC7EE2F1}"
EndProject
Project("{2150E333-8FDC-42A3-9474-1A3956D46DE8}") = "Discount", "Discount", "{0350A1EA-C181-4F29-8172-805F3D550E7D}"
EndProject
Project("{FAE04EC0-301F-11D3-BF4B-00C04F79EFBC}") = "Discount.Grpc", "Services\Discount\Discount.Grpc\Discount.Grpc.csproj", "{C592488B-48D7-456B-A520-BA2D0242148A}"
EndProject
Project("{2150E333-8FDC-42A3-9474-1A3956D46DE8}") = "Ordering", "Ordering", "{3C44B235-373E-4B99-966E-A98CC2DDD4C5}"
EndProject
Project("{FAE04EC0-301F-11D3-BF4B-00C04F79EFBC}") = "Ordering.API", "Services\Ordering\Ordering.API\Ordering.API.csproj", "{1C7EFEF9-85C6-4152-AC67-7BD18927DF07}"
EndProject
Project("{FAE04EC0-301F-11D3-BF4B-00C04F79EFBC}") = "Ordering.Domain", "Services\Ordering\Ordering.Domain\Ordering.Domain.csproj", "{A6AF7EC9-17A5-49E0-865B-FDC4409637ED}"
EndProject
Project("{FAE04EC0-301F-11D3-BF4B-00C04F79EFBC}") = "Ordering.Application", "Services\Ordering\Ordering.Application\Ordering.Application.csproj", "{577AF855-50BD-4BEE-9F53-F7A4C882B281}"
EndProject
Project("{FAE04EC0-301F-11D3-BF4B-00C04F79EFBC}") = "Ordering.Infrastructure", "Services\Ordering\Ordering.Infrastructure\Ordering.Infrastructure.csproj", "{6BF9718A-311D-46CB-B54A-0307BEE57420}"
EndProject
Project("{FAE04EC0-301F-11D3-BF4B-00C04F79EFBC}") = "BuildingBlocks.Messaging", "BuildingBlocks\BuildingBlocks.Messaging\BuildingBlocks.Messaging.csproj", "{57C181A9-94E1-4BD8-B1FD-613D33A726FC}"
EndProject
Project("{2150E333-8FDC-42A3-9474-1A3956D46DE8}") = "ApiGateways", "ApiGateways", "{CF7C8F44-B5E4-474F-8B8D-71D950386A2A}"
EndProject
Project("{FAE04EC0-301F-11D3-BF4B-00C04F79EFBC}") = "YarpApiGateways", "ApiGateways\YarpApiGateways\YarpApiGateways.csproj", "{A8D639D6-95CB-43E8-A335-1442A0881EF9}"
EndProject
Project("{2150E333-8FDC-42A3-9474-1A3956D46DE8}") = "WebApps", "WebApps", "{22E01422-3545-42BD-9C29-7E11B9754F8E}"
EndProject
Project("{FAE04EC0-301F-11D3-BF4B-00C04F79EFBC}") = "Shopping.Web", "WebApps\Shopping.Web\Shopping.Web.csproj", "{7B9AC0CE-E9BB-4BAE-A81A-0162DDC6702F}"
EndProject
Global
	GlobalSection(SolutionConfigurationPlatforms) = preSolution
		Debug|Any CPU = Debug|Any CPU
		Release|Any CPU = Release|Any CPU
	EndGlobalSection
	GlobalSection(ProjectConfigurationPlatforms) = postSolution
		{97BB01B1-CA61-41BC-8937-4BF2DEBF6D15}.Debug|Any CPU.ActiveCfg = Debug|Any CPU
		{97BB01B1-CA61-41BC-8937-4BF2DEBF6D15}.Debug|Any CPU.Build.0 = Debug|Any CPU
		{97BB01B1-CA61-41BC-8937-4BF2DEBF6D15}.Release|Any CPU.ActiveCfg = Release|Any CPU
		{97BB01B1-CA61-41BC-8937-4BF2DEBF6D15}.Release|Any CPU.Build.0 = Release|Any CPU
		{EF5C1D4D-9152-4AD4-A593-BF64AE8D8AA7}.Debug|Any CPU.ActiveCfg = Debug|Any CPU
		{EF5C1D4D-9152-4AD4-A593-BF64AE8D8AA7}.Debug|Any CPU.Build.0 = Debug|Any CPU
		{EF5C1D4D-9152-4AD4-A593-BF64AE8D8AA7}.Release|Any CPU.ActiveCfg = Release|Any CPU
		{EF5C1D4D-9152-4AD4-A593-BF64AE8D8AA7}.Release|Any CPU.Build.0 = Release|Any CPU
		{81DDED9D-158B-E303-5F62-77A2896D2A5A}.Debug|Any CPU.ActiveCfg = Debug|Any CPU
		{81DDED9D-158B-E303-5F62-77A2896D2A5A}.Debug|Any CPU.Build.0 = Debug|Any CPU
		{81DDED9D-158B-E303-5F62-77A2896D2A5A}.Release|Any CPU.ActiveCfg = Release|Any CPU
		{81DDED9D-158B-E303-5F62-77A2896D2A5A}.Release|Any CPU.Build.0 = Release|Any CPU
		{F03EE5C7-A384-44B0-B093-DCD7CC7EE2F1}.Debug|Any CPU.ActiveCfg = Debug|Any CPU
		{F03EE5C7-A384-44B0-B093-DCD7CC7EE2F1}.Debug|Any CPU.Build.0 = Debug|Any CPU
		{F03EE5C7-A384-44B0-B093-DCD7CC7EE2F1}.Release|Any CPU.ActiveCfg = Release|Any CPU
		{F03EE5C7-A384-44B0-B093-DCD7CC7EE2F1}.Release|Any CPU.Build.0 = Release|Any CPU
		{C592488B-48D7-456B-A520-BA2D0242148A}.Debug|Any CPU.ActiveCfg = Debug|Any CPU
		{C592488B-48D7-456B-A520-BA2D0242148A}.Debug|Any CPU.Build.0 = Debug|Any CPU
		{C592488B-48D7-456B-A520-BA2D0242148A}.Release|Any CPU.ActiveCfg = Release|Any CPU
		{C592488B-48D7-456B-A520-BA2D0242148A}.Release|Any CPU.Build.0 = Release|Any CPU
		{1C7EFEF9-85C6-4152-AC67-7BD18927DF07}.Debug|Any CPU.ActiveCfg = Debug|Any CPU
		{1C7EFEF9-85C6-4152-AC67-7BD18927DF07}.Debug|Any CPU.Build.0 = Debug|Any CPU
		{1C7EFEF9-85C6-4152-AC67-7BD18927DF07}.Release|Any CPU.ActiveCfg = Release|Any CPU
		{1C7EFEF9-85C6-4152-AC67-7BD18927DF07}.Release|Any CPU.Build.0 = Release|Any CPU
		{A6AF7EC9-17A5-49E0-865B-FDC4409637ED}.Debug|Any CPU.ActiveCfg = Debug|Any CPU
		{A6AF7EC9-17A5-49E0-865B-FDC4409637ED}.Debug|Any CPU.Build.0 = Debug|Any CPU
		{A6AF7EC9-17A5-49E0-865B-FDC4409637ED}.Release|Any CPU.ActiveCfg = Release|Any CPU
		{A6AF7EC9-17A5-49E0-865B-FDC4409637ED}.Release|Any CPU.Build.0 = Release|Any CPU
		{577AF855-50BD-4BEE-9F53-F7A4C882B281}.Debug|Any CPU.ActiveCfg = Debug|Any CPU
		{577AF855-50BD-4BEE-9F53-F7A4C882B281}.Debug|Any CPU.Build.0 = Debug|Any CPU
		{577AF855-50BD-4BEE-9F53-F7A4C882B281}.Release|Any CPU.ActiveCfg = Release|Any CPU
		{577AF855-50BD-4BEE-9F53-F7A4C882B281}.Release|Any CPU.Build.0 = Release|Any CPU
		{6BF9718A-311D-46CB-B54A-0307BEE57420}.Debug|Any CPU.ActiveCfg = Debug|Any CPU
		{6BF9718A-311D-46CB-B54A-0307BEE57420}.Debug|Any CPU.Build.0 = Debug|Any CPU
		{6BF9718A-311D-46CB-B54A-0307BEE57420}.Release|Any CPU.ActiveCfg = Release|Any CPU
		{6BF9718A-311D-46CB-B54A-0307BEE57420}.Release|Any CPU.Build.0 = Release|Any CPU
		{57C181A9-94E1-4BD8-B1FD-613D33A726FC}.Debug|Any CPU.ActiveCfg = Debug|Any CPU
		{57C181A9-94E1-4BD8-B1FD-613D33A726FC}.Debug|Any CPU.Build.0 = Debug|Any CPU
		{57C181A9-94E1-4BD8-B1FD-613D33A726FC}.Release|Any CPU.ActiveCfg = Release|Any CPU
		{57C181A9-94E1-4BD8-B1FD-613D33A726FC}.Release|Any CPU.Build.0 = Release|Any CPU
		{A8D639D6-95CB-43E8-A335-1442A0881EF9}.Debug|Any CPU.ActiveCfg = Debug|Any CPU
		{A8D639D6-95CB-43E8-A335-1442A0881EF9}.Debug|Any CPU.Build.0 = Debug|Any CPU
		{A8D639D6-95CB-43E8-A335-1442A0881EF9}.Release|Any CPU.ActiveCfg = Release|Any CPU
		{A8D639D6-95CB-43E8-A335-1442A0881EF9}.Release|Any CPU.Build.0 = Release|Any CPU
		{7B9AC0CE-E9BB-4BAE-A81A-0162DDC6702F}.Debug|Any CPU.ActiveCfg = Debug|Any CPU
		{7B9AC0CE-E9BB-4BAE-A81A-0162DDC6702F}.Debug|Any CPU.Build.0 = Debug|Any CPU
		{7B9AC0CE-E9BB-4BAE-A81A-0162DDC6702F}.Release|Any CPU.ActiveCfg = Release|Any CPU
		{7B9AC0CE-E9BB-4BAE-A81A-0162DDC6702F}.Release|Any CPU.Build.0 = Release|Any CPU
	EndGlobalSection
	GlobalSection(SolutionProperties) = preSolution
		HideSolutionNode = FALSE
	EndGlobalSection
	GlobalSection(NestedProjects) = preSolution
		{279F9F54-367C-4C6C-8B10-4CCB6A686A0E} = {58BA331F-0ECE-443C-A2CB-36E246FA4975}
		{97BB01B1-CA61-41BC-8937-4BF2DEBF6D15} = {279F9F54-367C-4C6C-8B10-4CCB6A686A0E}
		{EF5C1D4D-9152-4AD4-A593-BF64AE8D8AA7} = {A925DCFE-A1B6-445B-95E1-6CA1FEAD0861}
		{86728BD2-F116-4AD9-ADDA-EA4A70DD3BA3} = {58BA331F-0ECE-443C-A2CB-36E246FA4975}
		{F03EE5C7-A384-44B0-B093-DCD7CC7EE2F1} = {86728BD2-F116-4AD9-ADDA-EA4A70DD3BA3}
		{0350A1EA-C181-4F29-8172-805F3D550E7D} = {58BA331F-0ECE-443C-A2CB-36E246FA4975}
		{C592488B-48D7-456B-A520-BA2D0242148A} = {0350A1EA-C181-4F29-8172-805F3D550E7D}
		{3C44B235-373E-4B99-966E-A98CC2DDD4C5} = {58BA331F-0ECE-443C-A2CB-36E246FA4975}
		{1C7EFEF9-85C6-4152-AC67-7BD18927DF07} = {3C44B235-373E-4B99-966E-A98CC2DDD4C5}
		{A6AF7EC9-17A5-49E0-865B-FDC4409637ED} = {3C44B235-373E-4B99-966E-A98CC2DDD4C5}
		{577AF855-50BD-4BEE-9F53-F7A4C882B281} = {3C44B235-373E-4B99-966E-A98CC2DDD4C5}
		{6BF9718A-311D-46CB-B54A-0307BEE57420} = {3C44B235-373E-4B99-966E-A98CC2DDD4C5}
		{57C181A9-94E1-4BD8-B1FD-613D33A726FC} = {A925DCFE-A1B6-445B-95E1-6CA1FEAD0861}
		{A8D639D6-95CB-43E8-A335-1442A0881EF9} = {CF7C8F44-B5E4-474F-8B8D-71D950386A2A}
		{7B9AC0CE-E9BB-4BAE-A81A-0162DDC6702F} = {22E01422-3545-42BD-9C29-7E11B9754F8E}
	EndGlobalSection
EndGlobal
